// !$*UTF8*$!
{
	archiveVersion = 1;
	classes = {
	};
	objectVersion = 46;
	objects = {

/* Begin PBXBuildFile section */
		B6A28AB41F2AC44100786B97 /* AppDelegate.swift in Sources */ = {isa = PBXBuildFile; fileRef = B6A28AB31F2AC44100786B97 /* AppDelegate.swift */; };
		B6A28AB91F2AC44100786B97 /* Main.storyboard in Resources */ = {isa = PBXBuildFile; fileRef = B6A28AB71F2AC44100786B97 /* Main.storyboard */; };
		B6A28ABC1F2AC44100786B97 /* MyAlarmCl0ck.xcdatamodeld in Sources */ = {isa = PBXBuildFile; fileRef = B6A28ABA1F2AC44100786B97 /* MyAlarmCl0ck.xcdatamodeld */; };
		B6A28ABE1F2AC44100786B97 /* Assets.xcassets in Resources */ = {isa = PBXBuildFile; fileRef = B6A28ABD1F2AC44100786B97 /* Assets.xcassets */; };
		B6A28AC11F2AC44100786B97 /* LaunchScreen.storyboard in Resources */ = {isa = PBXBuildFile; fileRef = B6A28ABF1F2AC44100786B97 /* LaunchScreen.storyboard */; };
		B6A28AC91F2ACBD600786B97 /* AlarmListTableViewController.swift in Sources */ = {isa = PBXBuildFile; fileRef = B6A28AC81F2ACBD600786B97 /* AlarmListTableViewController.swift */; };
		B6A28ACB1F2ACBEE00786B97 /* AlarmTableViewController.swift in Sources */ = {isa = PBXBuildFile; fileRef = B6A28ACA1F2ACBEE00786B97 /* AlarmTableViewController.swift */; };
		B6A28AD01F2ACCE200786B97 /* AlarmClockHelper.swift in Sources */ = {isa = PBXBuildFile; fileRef = B6A28ACF1F2ACCE200786B97 /* AlarmClockHelper.swift */; };
		B6A28AD21F2ACD0300786B97 /* Alarm.swift in Sources */ = {isa = PBXBuildFile; fileRef = B6A28AD11F2ACD0300786B97 /* Alarm.swift */; };
/* End PBXBuildFile section */

/* Begin PBXFileReference section */
		B6A28AB01F2AC44100786B97 /* MyAlarmCl0ck.app */ = {isa = PBXFileReference; explicitFileType = wrapper.application; includeInIndex = 0; path = MyAlarmCl0ck.app; sourceTree = BUILT_PRODUCTS_DIR; };
		B6A28AB31F2AC44100786B97 /* AppDelegate.swift */ = {isa = PBXFileReference; lastKnownFileType = sourcecode.swift; path = AppDelegate.swift; sourceTree = "<group>"; };
		B6A28AB81F2AC44100786B97 /* Base */ = {isa = PBXFileReference; lastKnownFileType = file.storyboard; name = Base; path = Base.lproj/Main.storyboard; sourceTree = "<group>"; };
		B6A28ABB1F2AC44100786B97 /* MyAlarmCl0ck.xcdatamodel */ = {isa = PBXFileReference; lastKnownFileType = wrapper.xcdatamodel; path = MyAlarmCl0ck.xcdatamodel; sourceTree = "<group>"; };
		B6A28ABD1F2AC44100786B97 /* Assets.xcassets */ = {isa = PBXFileReference; lastKnownFileType = folder.assetcatalog; path = Assets.xcassets; sourceTree = "<group>"; };
		B6A28AC01F2AC44100786B97 /* Base */ = {isa = PBXFileReference; lastKnownFileType = file.storyboard; name = Base; path = Base.lproj/LaunchScreen.storyboard; sourceTree = "<group>"; };
		B6A28AC21F2AC44100786B97 /* Info.plist */ = {isa = PBXFileReference; lastKnownFileType = text.plist.xml; path = Info.plist; sourceTree = "<group>"; };
		B6A28AC81F2ACBD600786B97 /* AlarmListTableViewController.swift */ = {isa = PBXFileReference; fileEncoding = 4; lastKnownFileType = sourcecode.swift; path = AlarmListTableViewController.swift; sourceTree = "<group>"; };
		B6A28ACA1F2ACBEE00786B97 /* AlarmTableViewController.swift */ = {isa = PBXFileReference; fileEncoding = 4; lastKnownFileType = sourcecode.swift; path = AlarmTableViewController.swift; sourceTree = "<group>"; };
		B6A28ACF1F2ACCE200786B97 /* AlarmClockHelper.swift */ = {isa = PBXFileReference; fileEncoding = 4; lastKnownFileType = sourcecode.swift; path = AlarmClockHelper.swift; sourceTree = "<group>"; };
		B6A28AD11F2ACD0300786B97 /* Alarm.swift */ = {isa = PBXFileReference; fileEncoding = 4; lastKnownFileType = sourcecode.swift; path = Alarm.swift; sourceTree = "<group>"; };
/* End PBXFileReference section */

/* Begin PBXFrameworksBuildPhase section */
		B6A28AAD1F2AC44100786B97 /* Frameworks */ = {
			isa = PBXFrameworksBuildPhase;
			buildActionMask = 2147483647;
			files = (
			);
			runOnlyForDeploymentPostprocessing = 0;
		};
/* End PBXFrameworksBuildPhase section */

/* Begin PBXGroup section */
		B6A28AA71F2AC44100786B97 = {
			isa = PBXGroup;
			children = (
				B6A28AB21F2AC44100786B97 /* MyAlarmCl0ck */,
				B6A28AB11F2AC44100786B97 /* Products */,
			);
			sourceTree = "<group>";
		};
		B6A28AB11F2AC44100786B97 /* Products */ = {
			isa = PBXGroup;
			children = (
				B6A28AB01F2AC44100786B97 /* MyAlarmCl0ck.app */,
			);
			name = Products;
			sourceTree = "<group>";
		};
		B6A28AB21F2AC44100786B97 /* MyAlarmCl0ck */ = {
			isa = PBXGroup;
			children = (
				B6A28ACF1F2ACCE200786B97 /* AlarmClockHelper.swift */,
				B6A28AD31F2ACD0E00786B97 /* Model */,
				B6A28ACE1F2ACC3300786B97 /* ViewControllers */,
				B6A28ACC1F2ACC0E00786B97 /* Storyboards */,
				B6A28ACD1F2ACC1C00786B97 /* Resources */,
			);
			path = MyAlarmCl0ck;
			sourceTree = "<group>";
		};
		B6A28ACC1F2ACC0E00786B97 /* Storyboards */ = {
			isa = PBXGroup;
			children = (
				B6A28AB71F2AC44100786B97 /* Main.storyboard */,
				B6A28ABF1F2AC44100786B97 /* LaunchScreen.storyboard */,
			);
			name = Storyboards;
			sourceTree = "<group>";
		};
		B6A28ACD1F2ACC1C00786B97 /* Resources */ = {
			isa = PBXGroup;
			children = (
				B6A28AB31F2AC44100786B97 /* AppDelegate.swift */,
				B6A28ABD1F2AC44100786B97 /* Assets.xcassets */,
				B6A28AC21F2AC44100786B97 /* Info.plist */,
				B6A28ABA1F2AC44100786B97 /* MyAlarmCl0ck.xcdatamodeld */,
			);
			name = Resources;
			sourceTree = "<group>";
		};
		B6A28ACE1F2ACC3300786B97 /* ViewControllers */ = {
			isa = PBXGroup;
			children = (
				B6A28ACA1F2ACBEE00786B97 /* AlarmTableViewController.swift */,
				B6A28AC81F2ACBD600786B97 /* AlarmListTableViewController.swift */,
			);
			name = ViewControllers;
			sourceTree = "<group>";
		};
		B6A28AD31F2ACD0E00786B97 /* Model */ = {
			isa = PBXGroup;
			children = (
				B6A28AD11F2ACD0300786B97 /* Alarm.swift */,
			);
			name = Model;
			sourceTree = "<group>";
		};
/* End PBXGroup section */

/* Begin PBXNativeTarget section */
		B6A28AAF1F2AC44100786B97 /* MyAlarmCl0ck */ = {
			isa = PBXNativeTarget;
			buildConfigurationList = B6A28AC51F2AC44100786B97 /* Build configuration list for PBXNativeTarget "MyAlarmCl0ck" */;
			buildPhases = (
				B6A28AAC1F2AC44100786B97 /* Sources */,
				B6A28AAD1F2AC44100786B97 /* Frameworks */,
				B6A28AAE1F2AC44100786B97 /* Resources */,
			);
			buildRules = (
			);
			dependencies = (
			);
			name = MyAlarmCl0ck;
			productName = MyAlarmCl0ck;
			productReference = B6A28AB01F2AC44100786B97 /* MyAlarmCl0ck.app */;
			productType = "com.apple.product-type.application";
		};
/* End PBXNativeTarget section */

/* Begin PBXProject section */
		B6A28AA81F2AC44100786B97 /* Project object */ = {
			isa = PBXProject;
			attributes = {
				LastSwiftUpdateCheck = 0830;
				LastUpgradeCheck = 0830;
				ORGANIZATIONNAME = "Collin Cannavo";
				TargetAttributes = {
					B6A28AAF1F2AC44100786B97 = {
						CreatedOnToolsVersion = 8.3.3;
						DevelopmentTeam = X458A5BXZ4;
						ProvisioningStyle = Automatic;
					};
				};
			};
			buildConfigurationList = B6A28AAB1F2AC44100786B97 /* Build configuration list for PBXProject "MyAlarmCl0ck" */;
			compatibilityVersion = "Xcode 3.2";
			developmentRegion = English;
			hasScannedForEncodings = 0;
			knownRegions = (
				en,
				Base,
			);
			mainGroup = B6A28AA71F2AC44100786B97;
			productRefGroup = B6A28AB11F2AC44100786B97 /* Products */;
			projectDirPath = "";
			projectRoot = "";
			targets = (
				B6A28AAF1F2AC44100786B97 /* MyAlarmCl0ck */,
			);
		};
/* End PBXProject section */

/* Begin PBXResourcesBuildPhase section */
		B6A28AAE1F2AC44100786B97 /* Resources */ = {
			isa = PBXResourcesBuildPhase;
			buildActionMask = 2147483647;
			files = (
				B6A28AC11F2AC44100786B97 /* LaunchScreen.storyboard in Resources */,
				B6A28ABE1F2AC44100786B97 /* Assets.xcassets in Resources */,
				B6A28AB91F2AC44100786B97 /* Main.storyboard in Resources */,
			);
			runOnlyForDeploymentPostprocessing = 0;
		};
/* End PBXResourcesBuildPhase section */

/* Begin PBXSourcesBuildPhase section */
		B6A28AAC1F2AC44100786B97 /* Sources */ = {
			isa = PBXSourcesBuildPhase;
			buildActionMask = 2147483647;
			files = (
				B6A28AD01F2ACCE200786B97 /* AlarmClockHelper.swift in Sources */,
				B6A28AB41F2AC44100786B97 /* AppDelegate.swift in Sources */,
				B6A28ACB1F2ACBEE00786B97 /* AlarmTableViewController.swift in Sources */,
				B6A28AC91F2ACBD600786B97 /* AlarmListTableViewController.swift in Sources */,
				B6A28ABC1F2AC44100786B97 /* MyAlarmCl0ck.xcdatamodeld in Sources */,
				B6A28AD21F2ACD0300786B97 /* Alarm.swift in Sources */,
			);
			runOnlyForDeploymentPostprocessing = 0;
		};
/* End PBXSourcesBuildPhase section */

/* Begin PBXVariantGroup section */
		B6A28AB71F2AC44100786B97 /* Main.storyboard */ = {
			isa = PBXVariantGroup;
			children = (
				B6A28AB81F2AC44100786B97 /* Base */,
			);
			name = Main.storyboard;
			sourceTree = "<group>";
		};
		B6A28ABF1F2AC44100786B97 /* LaunchScreen.storyboard */ = {
			isa = PBXVariantGroup;
			children = (
				B6A28AC01F2AC44100786B97 /* Base */,
			);
			name = LaunchScreen.storyboard;
			sourceTree = "<group>";
		};
/* End PBXVariantGroup section */

/* Begin XCBuildConfiguration section */
		B6A28AC31F2AC44100786B97 /* Debug */ = {
			isa = XCBuildConfiguration;
			buildSettings = {
				ALWAYS_SEARCH_USER_PATHS = NO;
				CLANG_ANALYZER_NONNULL = YES;
				CLANG_ANALYZER_NUMBER_OBJECT_CONVERSION = YES_AGGRESSIVE;
				CLANG_CXX_LANGUAGE_STANDARD = "gnu++0x";
				CLANG_CXX_LIBRARY = "libc++";
				CLANG_ENABLE_MODULES = YES;
				CLANG_ENABLE_OBJC_ARC = YES;
				CLANG_WARN_BOOL_CONVERSION = YES;
				CLANG_WARN_CONSTANT_CONVERSION = YES;
				CLANG_WARN_DIRECT_OBJC_ISA_USAGE = YES_ERROR;
				CLANG_WARN_DOCUMENTATION_COMMENTS = YES;
				CLANG_WARN_EMPTY_BODY = YES;
				CLANG_WARN_ENUM_CONVERSION = YES;
				CLANG_WARN_INFINITE_RECURSION = YES;
				CLANG_WARN_INT_CONVERSION = YES;
				CLANG_WARN_OBJC_ROOT_CLASS = YES_ERROR;
				CLANG_WARN_SUSPICIOUS_MOVE = YES;
				CLANG_WARN_UNREACHABLE_CODE = YES;
				CLANG_WARN__DUPLICATE_METHOD_MATCH = YES;
				"CODE_SIGN_IDENTITY[sdk=iphoneos*]" = "iPhone Developer";
				COPY_PHASE_STRIP = NO;
				DEBUG_INFORMATION_FORMAT = dwarf;
				ENABLE_STRICT_OBJC_MSGSEND = YES;
				ENABLE_TESTABILITY = YES;
				GCC_C_LANGUAGE_STANDARD = gnu99;
				GCC_DYNAMIC_NO_PIC = NO;
				GCC_NO_COMMON_BLOCKS = YES;
				GCC_OPTIMIZATION_LEVEL = 0;
				GCC_PREPROCESSOR_DEFINITIONS = (
					"DEBUG=1",
					"$(inherited)",
				);
				GCC_WARN_64_TO_32_BIT_CONVERSION = YES;
				GCC_WARN_ABOUT_RETURN_TYPE = YES_ERROR;
				GCC_WARN_UNDECLARED_SELECTOR = YES;
				GCC_WARN_UNINITIALIZED_AUTOS = YES_AGGRESSIVE;
				GCC_WARN_UNUSED_FUNCTION = YES;
				GCC_WARN_UNUSED_VARIABLE = YES;
				IPHONEOS_DEPLOYMENT_TARGET = 10.3;
				MTL_ENABLE_DEBUG_INFO = YES;
				ONLY_ACTIVE_ARCH = YES;
				SDKROOT = iphoneos;
				SWIFT_ACTIVE_COMPILATION_CONDITIONS = DEBUG;
				SWIFT_OPTIMIZATION_LEVEL = "-Onone";
				TARGETED_DEVICE_FAMILY = "1,2";
			};
			name = Debug;
		};
		B6A28AC41F2AC44100786B97 /* Release */ = {
			isa = XCBuildConfiguration;
			buildSettings = {
				ALWAYS_SEARCH_USER_PATHS = NO;
				CLANG_ANALYZER_NONNULL = YES;
				CLANG_ANALYZER_NUMBER_OBJECT_CONVERSION = YES_AGGRESSIVE;
				CLANG_CXX_LANGUAGE_STANDARD = "gnu++0x";
				CLANG_CXX_LIBRARY = "libc++";
				CLANG_ENABLE_MODULES = YES;
				CLANG_ENABLE_OBJC_ARC = YES;
				CLANG_WARN_BOOL_CONVERSION = YES;
				CLANG_WARN_CONSTANT_CONVERSION = YES;
				CLANG_WARN_DIRECT_OBJC_ISA_USAGE = YES_ERROR;
				CLANG_WARN_DOCUMENTATION_COMMENTS = YES;
				CLANG_WARN_EMPTY_BODY = YES;
				CLANG_WARN_ENUM_CONVERSION = YES;
				CLANG_WARN_INFINITE_RECURSION = YES;
				CLANG_WARN_INT_CONVERSION = YES;
				CLANG_WARN_OBJC_ROOT_CLASS = YES_ERROR;
				CLANG_WARN_SUSPICIOUS_MOVE = YES;
				CLANG_WARN_UNREACHABLE_CODE = YES;
				CLANG_WARN__DUPLICATE_METHOD_MATCH = YES;
				"CODE_SIGN_IDENTITY[sdk=iphoneos*]" = "iPhone Developer";
				COPY_PHASE_STRIP = NO;
				DEBUG_INFORMATION_FORMAT = "dwarf-with-dsym";
				ENABLE_NS_ASSERTIONS = NO;
				ENABLE_STRICT_OBJC_MSGSEND = YES;
				GCC_C_LANGUAGE_STANDARD = gnu99;
				GCC_NO_COMMON_BLOCKS = YES;
				GCC_WARN_64_TO_32_BIT_CONVERSION = YES;
				GCC_WARN_ABOUT_RETURN_TYPE = YES_ERROR;
				GCC_WARN_UNDECLARED_SELECTOR = YES;
				GCC_WARN_UNINITIALIZED_AUTOS = YES_AGGRESSIVE;
				GCC_WARN_UNUSED_FUNCTION = YES;
				GCC_WARN_UNUSED_VARIABLE = YES;
				IPHONEOS_DEPLOYMENT_TARGET = 10.3;
				MTL_ENABLE_DEBUG_INFO = NO;
				SDKROOT = iphoneos;
				SWIFT_OPTIMIZATION_LEVEL = "-Owholemodule";
				TARGETED_DEVICE_FAMILY = "1,2";
				VALIDATE_PRODUCT = YES;
			};
			name = Release;
		};
		B6A28AC61F2AC44100786B97 /* Debug */ = {
			isa = XCBuildConfiguration;
			buildSettings = {
				ASSETCATALOG_COMPILER_APPICON_NAME = AppIcon;
				DEVELOPMENT_TEAM = X458A5BXZ4;
				INFOPLIST_FILE = MyAlarmCl0ck/Info.plist;
				LD_RUNPATH_SEARCH_PATHS = "$(inherited) @executable_path/Frameworks";
				PRODUCT_BUNDLE_IDENTIFIER = com.collincannavo.MyAlarmCl0ck;
				PRODUCT_NAME = "$(TARGET_NAME)";
				SWIFT_VERSION = 3.0;
			};
			name = Debug;
		};
		B6A28AC71F2AC44100786B97 /* Release */ = {
			isa = XCBuildConfiguration;
			buildSettings = {
				ASSETCATALOG_COMPILER_APPICON_NAME = AppIcon;
				DEVELOPMENT_TEAM = X458A5BXZ4;
				INFOPLIST_FILE = MyAlarmCl0ck/Info.plist;
				LD_RUNPATH_SEARCH_PATHS = "$(inherited) @executable_path/Frameworks";
				PRODUCT_BUNDLE_IDENTIFIER = com.collincannavo.MyAlarmCl0ck;
				PRODUCT_NAME = "$(TARGET_NAME)";
				SWIFT_VERSION = 3.0;
			};
			name = Release;
		};
/* End XCBuildConfiguration section */

/* Begin XCConfigurationList section */
		B6A28AAB1F2AC44100786B97 /* Build configuration list for PBXProject "MyAlarmCl0ck" */ = {
			isa = XCConfigurationList;
			buildConfigurations = (
				B6A28AC31F2AC44100786B97 /* Debug */,
				B6A28AC41F2AC44100786B97 /* Release */,
			);
			defaultConfigurationIsVisible = 0;
			defaultConfigurationName = Release;
		};
		B6A28AC51F2AC44100786B97 /* Build configuration list for PBXNativeTarget "MyAlarmCl0ck" */ = {
			isa = XCConfigurationList;
			buildConfigurations = (
				B6A28AC61F2AC44100786B97 /* Debug */,
				B6A28AC71F2AC44100786B97 /* Release */,
			);
			defaultConfigurationIsVisible = 0;
		};
/* End XCConfigurationList section */

/* Begin XCVersionGroup section */
		B6A28ABA1F2AC44100786B97 /* MyAlarmCl0ck.xcdatamodeld */ = {
			isa = XCVersionGroup;
			children = (
				B6A28ABB1F2AC44100786B97 /* MyAlarmCl0ck.xcdatamodel */,
			);
			currentVersion = B6A28ABB1F2AC44100786B97 /* MyAlarmCl0ck.xcdatamodel */;
			path = MyAlarmCl0ck.xcdatamodeld;
			sourceTree = "<group>";
			versionGroupType = wrapper.xcdatamodel;
		};
/* End XCVersionGroup section */
	};
	rootObject = B6A28AA81F2AC44100786B97 /* Project object */;
}
